
Microsoft Visual Studio Solution File, Format Version 12.00
Project("{2150E333-8FDC-42A3-9474-1A3956D46DE8}") = "src", "src", "{4193D010-E363-4811-A2F3-3D94DA3681B7}"
EndProject
Project("{2150E333-8FDC-42A3-9474-1A3956D46DE8}") = "test", "test", "{6F1F4F74-0DA1-483B-8EA2-EA772C43067A}"
EndProject
Project("{2150E333-8FDC-42A3-9474-1A3956D46DE8}") = "Core", "Core", "{476AA1CA-5BD5-43F7-99B2-8A5A9A63559A}"
EndProject
Project("{2150E333-8FDC-42A3-9474-1A3956D46DE8}") = "Infrastructure", "Infrastructure", "{A27AF077-C272-4303-99D8-EF7610ED152E}"
EndProject
Project("{FAE04EC0-301F-11D3-BF4B-00C04F79EFBC}") = "TourApp.Domain", "TourApp.Domain\TourApp.Domain.csproj", "{530CBC37-793D-418E-BD3A-84730719289F}"
EndProject
Project("{FAE04EC0-301F-11D3-BF4B-00C04F79EFBC}") = "TourApp.Application", "TourApp.Application\TourApp.Application.csproj", "{107542C0-2513-4623-874A-AD42CA473EB8}"
EndProject
Project("{FAE04EC0-301F-11D3-BF4B-00C04F79EFBC}") = "TourApp.Persistence", "TourApp.Persistence\TourApp.Persistence.csproj", "{F68C3A52-A750-48C1-9BB3-9EDE86C7592B}"
EndProject
Project("{2150E333-8FDC-42A3-9474-1A3956D46DE8}") = "UnitTests", "UnitTests", "{387E2A67-CEBB-431E-8763-91A765250BC0}"
EndProject
Project("{FAE04EC0-301F-11D3-BF4B-00C04F79EFBC}") = "CoreTests", "CoreTests\CoreTests.csproj", "{961DCB49-6153-4E14-974A-3B94B68D58EA}"
EndProject
Project("{2150E333-8FDC-42A3-9474-1A3956D46DE8}") = "Web", "Web", "{880E1524-8773-46B4-919C-F1C95C58145F}"
EndProject
Project("{FAE04EC0-301F-11D3-BF4B-00C04F79EFBC}") = "TourApp.Web", "TourApp.Web\TourApp.Web.csproj", "{9DEAF6B0-3C29-4898-A608-BE635CD8DF4A}"
EndProject
Project("{FAE04EC0-301F-11D3-BF4B-00C04F79EFBC}") = "TourApp.Infrastructure", "TourApp.Infrastructure\TourApp.Infrastructure.csproj", "{3D3E8FC8-8613-48C0-A450-87108B1614FF}"
EndProject
Global
	GlobalSection(SolutionConfigurationPlatforms) = preSolution
		Debug|Any CPU = Debug|Any CPU
		Release|Any CPU = Release|Any CPU
	EndGlobalSection
	GlobalSection(ProjectConfigurationPlatforms) = postSolution
		{530CBC37-793D-418E-BD3A-84730719289F}.Debug|Any CPU.ActiveCfg = Debug|Any CPU
		{530CBC37-793D-418E-BD3A-84730719289F}.Debug|Any CPU.Build.0 = Debug|Any CPU
		{530CBC37-793D-418E-BD3A-84730719289F}.Release|Any CPU.ActiveCfg = Release|Any CPU
		{530CBC37-793D-418E-BD3A-84730719289F}.Release|Any CPU.Build.0 = Release|Any CPU
		{107542C0-2513-4623-874A-AD42CA473EB8}.Debug|Any CPU.ActiveCfg = Debug|Any CPU
		{107542C0-2513-4623-874A-AD42CA473EB8}.Debug|Any CPU.Build.0 = Debug|Any CPU
		{107542C0-2513-4623-874A-AD42CA473EB8}.Release|Any CPU.ActiveCfg = Release|Any CPU
		{107542C0-2513-4623-874A-AD42CA473EB8}.Release|Any CPU.Build.0 = Release|Any CPU
		{F68C3A52-A750-48C1-9BB3-9EDE86C7592B}.Debug|Any CPU.ActiveCfg = Debug|Any CPU
		{F68C3A52-A750-48C1-9BB3-9EDE86C7592B}.Debug|Any CPU.Build.0 = Debug|Any CPU
		{F68C3A52-A750-48C1-9BB3-9EDE86C7592B}.Release|Any CPU.ActiveCfg = Release|Any CPU
		{F68C3A52-A750-48C1-9BB3-9EDE86C7592B}.Release|Any CPU.Build.0 = Release|Any CPU
		{961DCB49-6153-4E14-974A-3B94B68D58EA}.Debug|Any CPU.ActiveCfg = Debug|Any CPU
		{961DCB49-6153-4E14-974A-3B94B68D58EA}.Debug|Any CPU.Build.0 = Debug|Any CPU
		{961DCB49-6153-4E14-974A-3B94B68D58EA}.Release|Any CPU.ActiveCfg = Release|Any CPU
		{961DCB49-6153-4E14-974A-3B94B68D58EA}.Release|Any CPU.Build.0 = Release|Any CPU
		{9DEAF6B0-3C29-4898-A608-BE635CD8DF4A}.Debug|Any CPU.ActiveCfg = Debug|Any CPU
		{9DEAF6B0-3C29-4898-A608-BE635CD8DF4A}.Debug|Any CPU.Build.0 = Debug|Any CPU
		{9DEAF6B0-3C29-4898-A608-BE635CD8DF4A}.Release|Any CPU.ActiveCfg = Release|Any CPU
		{9DEAF6B0-3C29-4898-A608-BE635CD8DF4A}.Release|Any CPU.Build.0 = Release|Any CPU
		{3D3E8FC8-8613-48C0-A450-87108B1614FF}.Debug|Any CPU.ActiveCfg = Debug|Any CPU
		{3D3E8FC8-8613-48C0-A450-87108B1614FF}.Debug|Any CPU.Build.0 = Debug|Any CPU
		{3D3E8FC8-8613-48C0-A450-87108B1614FF}.Release|Any CPU.ActiveCfg = Release|Any CPU
		{3D3E8FC8-8613-48C0-A450-87108B1614FF}.Release|Any CPU.Build.0 = Release|Any CPU
	EndGlobalSection
	GlobalSection(NestedProjects) = preSolution
		{476AA1CA-5BD5-43F7-99B2-8A5A9A63559A} = {4193D010-E363-4811-A2F3-3D94DA3681B7}
		{A27AF077-C272-4303-99D8-EF7610ED152E} = {4193D010-E363-4811-A2F3-3D94DA3681B7}
		{530CBC37-793D-418E-BD3A-84730719289F} = {476AA1CA-5BD5-43F7-99B2-8A5A9A63559A}
		{107542C0-2513-4623-874A-AD42CA473EB8} = {476AA1CA-5BD5-43F7-99B2-8A5A9A63559A}
		{F68C3A52-A750-48C1-9BB3-9EDE86C7592B} = {A27AF077-C272-4303-99D8-EF7610ED152E}
		{387E2A67-CEBB-431E-8763-91A765250BC0} = {6F1F4F74-0DA1-483B-8EA2-EA772C43067A}
		{961DCB49-6153-4E14-974A-3B94B68D58EA} = {387E2A67-CEBB-431E-8763-91A765250BC0}
		{880E1524-8773-46B4-919C-F1C95C58145F} = {4193D010-E363-4811-A2F3-3D94DA3681B7}
		{9DEAF6B0-3C29-4898-A608-BE635CD8DF4A} = {880E1524-8773-46B4-919C-F1C95C58145F}
		{3D3E8FC8-8613-48C0-A450-87108B1614FF} = {A27AF077-C272-4303-99D8-EF7610ED152E}
	EndGlobalSection
EndGlobal
